
Microsoft Visual Studio Solution File, Format Version 12.00
# Visual Studio Version 17
VisualStudioVersion = 17.9.34616.47
MinimumVisualStudioVersion = 10.0.40219.1
Project("{FAE04EC0-301F-11D3-BF4B-00C04F79EFBC}") = "FI.WebAtividadeEntrevista", "FI.WebAtividadeEntrevista\FI.WebAtividadeEntrevista.csproj", "{EDA04BC2-EFC2-487F-8F40-A95C652F6A15}"
EndProject
Project("{FAE04EC0-301F-11D3-BF4B-00C04F79EFBC}") = "FI.AtividadeEntrevista", "FI.AtividadeEntrevista\FI.AtividadeEntrevista.csproj", "{2B795BB7-A890-48FA-8F70-EF89F2E318D8}"
EndProject
Global
	GlobalSection(SolutionConfigurationPlatforms) = preSolution
		Debug|Any CPU = Debug|Any CPU
		Release|Any CPU = Release|Any CPU
	EndGlobalSection
	GlobalSection(ProjectConfigurationPlatforms) = postSolution
		{EDA04BC2-EFC2-487F-8F40-A95C652F6A15}.Debug|Any CPU.ActiveCfg = Debug|Any CPU
		{EDA04BC2-EFC2-487F-8F40-A95C652F6A15}.Debug|Any CPU.Build.0 = Debug|Any CPU
		{EDA04BC2-EFC2-487F-8F40-A95C652F6A15}.Release|Any CPU.ActiveCfg = Release|Any CPU
		{EDA04BC2-EFC2-487F-8F40-A95C652F6A15}.Release|Any CPU.Build.0 = Release|Any CPU
		{2B795BB7-A890-48FA-8F70-EF89F2E318D8}.Debug|Any CPU.ActiveCfg = Debug|Any CPU
		{2B795BB7-A890-48FA-8F70-EF89F2E318D8}.Debug|Any CPU.Build.0 = Debug|Any CPU
		{2B795BB7-A890-48FA-8F70-EF89F2E318D8}.Release|Any CPU.ActiveCfg = Release|Any CPU
		{2B795BB7-A890-48FA-8F70-EF89F2E318D8}.Release|Any CPU.Build.0 = Release|Any CPU
	EndGlobalSection
	GlobalSection(SolutionProperties) = preSolution
		HideSolutionNode = FALSE
	EndGlobalSection
	GlobalSection(ExtensibilityGlobals) = postSolution
		SolutionGuid = {EF4AE878-8A47-47E3-80B7-A725529F3924}
	EndGlobalSection
EndGlobal
